
Microsoft Visual Studio Solution File, Format Version 12.00
# Visual Studio Version 16
VisualStudioVersion = 16.0.30804.86
MinimumVisualStudioVersion = 10.0.40219.1
Project("{FAE04EC0-301F-11D3-BF4B-00C04F79EFBC}") = "AppCardapio", "AppCardapio.csproj", "{547A1A76-2DEC-44BE-9C44-A603A054C30F}"
EndProject
Global
	GlobalSection(SolutionConfigurationPlatforms) = preSolution
		Debug|Any CPU = Debug|Any CPU
		Release|Any CPU = Release|Any CPU
	EndGlobalSection
	GlobalSection(ProjectConfigurationPlatforms) = postSolution
		{547A1A76-2DEC-44BE-9C44-A603A054C30F}.Debug|Any CPU.ActiveCfg = Debug|Any CPU
		{547A1A76-2DEC-44BE-9C44-A603A054C30F}.Debug|Any CPU.Build.0 = Debug|Any CPU
		{547A1A76-2DEC-44BE-9C44-A603A054C30F}.Release|Any CPU.ActiveCfg = Release|Any CPU
		{547A1A76-2DEC-44BE-9C44-A603A054C30F}.Release|Any CPU.Build.0 = Release|Any CPU
	EndGlobalSection
	GlobalSection(SolutionProperties) = preSolution
		HideSolutionNode = FALSE
	EndGlobalSection
	GlobalSection(ExtensibilityGlobals) = postSolution
		SolutionGuid = {DDA4E532-F27C-4DCF-9F32-216944258548}
	EndGlobalSection
EndGlobal
